// !$*UTF8*$!
{
	archiveVersion = 1;
	classes = {
	};
	objectVersion = 46;
	objects = {

/* Begin PBXBuildFile section */
		FB3D165F1EAB4D0C00094299 /* AppDelegate.swift in Sources */ = {isa = PBXBuildFile; fileRef = FB3D165E1EAB4D0C00094299 /* AppDelegate.swift */; };
		FB3D16611EAB4D0C00094299 /* ViewController.swift in Sources */ = {isa = PBXBuildFile; fileRef = FB3D16601EAB4D0C00094299 /* ViewController.swift */; };
		FB3D16641EAB4D0C00094299 /* Main.storyboard in Resources */ = {isa = PBXBuildFile; fileRef = FB3D16621EAB4D0C00094299 /* Main.storyboard */; };
		FB3D16661EAB4D0C00094299 /* Assets.xcassets in Resources */ = {isa = PBXBuildFile; fileRef = FB3D16651EAB4D0C00094299 /* Assets.xcassets */; };
		FB3D16691EAB4D0C00094299 /* LaunchScreen.storyboard in Resources */ = {isa = PBXBuildFile; fileRef = FB3D16671EAB4D0C00094299 /* LaunchScreen.storyboard */; };
		FB3D168F1EAB4D3900094299 /* Event.swift in Sources */ = {isa = PBXBuildFile; fileRef = FB3D168D1EAB4D3900094299 /* Event.swift */; };
		FB3D16901EAB4D3900094299 /* EventLine.swift in Sources */ = {isa = PBXBuildFile; fileRef = FB3D168E1EAB4D3900094299 /* EventLine.swift */; };
		FB3D16921EAB4D9500094299 /* EventTableViewController.swift in Sources */ = {isa = PBXBuildFile; fileRef = FB3D16911EAB4D9500094299 /* EventTableViewController.swift */; };
		FB3D16941EAB5BEE00094299 /* EventTableViewCell.swift in Sources */ = {isa = PBXBuildFile; fileRef = FB3D16931EAB5BEE00094299 /* EventTableViewCell.swift */; };
		FB5C30821EB08EAE00EED839 /* EventDetailViewController.swift in Sources */ = {isa = PBXBuildFile; fileRef = FB5C30811EB08EAE00EED839 /* EventDetailViewController.swift */; };
/* End PBXBuildFile section */

/* Begin PBXContainerItemProxy section */
		FB3D16701EAB4D0C00094299 /* PBXContainerItemProxy */ = {
			isa = PBXContainerItemProxy;
			containerPortal = FB3D16531EAB4D0C00094299 /* Project object */;
			proxyType = 1;
			remoteGlobalIDString = FB3D165A1EAB4D0C00094299;
			remoteInfo = ManagementEvent;
		};
		FB3D167B1EAB4D0C00094299 /* PBXContainerItemProxy */ = {
			isa = PBXContainerItemProxy;
			containerPortal = FB3D16531EAB4D0C00094299 /* Project object */;
			proxyType = 1;
			remoteGlobalIDString = FB3D165A1EAB4D0C00094299;
			remoteInfo = ManagementEvent;
		};
/* End PBXContainerItemProxy section */

/* Begin PBXFileReference section */
		FB3D165B1EAB4D0C00094299 /* ManagementEvent.app */ = {isa = PBXFileReference; explicitFileType = wrapper.application; includeInIndex = 0; path = ManagementEvent.app; sourceTree = BUILT_PRODUCTS_DIR; };
		FB3D165E1EAB4D0C00094299 /* AppDelegate.swift */ = {isa = PBXFileReference; lastKnownFileType = sourcecode.swift; path = AppDelegate.swift; sourceTree = "<group>"; };
		FB3D16601EAB4D0C00094299 /* ViewController.swift */ = {isa = PBXFileReference; lastKnownFileType = sourcecode.swift; path = ViewController.swift; sourceTree = "<group>"; };
		FB3D16631EAB4D0C00094299 /* Base */ = {isa = PBXFileReference; lastKnownFileType = file.storyboard; name = Base; path = Base.lproj/Main.storyboard; sourceTree = "<group>"; };
		FB3D16651EAB4D0C00094299 /* Assets.xcassets */ = {isa = PBXFileReference; lastKnownFileType = folder.assetcatalog; path = Assets.xcassets; sourceTree = "<group>"; };
		FB3D16681EAB4D0C00094299 /* Base */ = {isa = PBXFileReference; lastKnownFileType = file.storyboard; name = Base; path = Base.lproj/LaunchScreen.storyboard; sourceTree = "<group>"; };
		FB3D166A1EAB4D0C00094299 /* Info.plist */ = {isa = PBXFileReference; lastKnownFileType = text.plist.xml; path = Info.plist; sourceTree = "<group>"; };
		FB3D166F1EAB4D0C00094299 /* ManagementEventTests.xctest */ = {isa = PBXFileReference; explicitFileType = wrapper.cfbundle; includeInIndex = 0; path = ManagementEventTests.xctest; sourceTree = BUILT_PRODUCTS_DIR; };
		FB3D167A1EAB4D0C00094299 /* ManagementEventUITests.xctest */ = {isa = PBXFileReference; explicitFileType = wrapper.cfbundle; includeInIndex = 0; path = ManagementEventUITests.xctest; sourceTree = BUILT_PRODUCTS_DIR; };
		FB3D168D1EAB4D3900094299 /* Event.swift */ = {isa = PBXFileReference; fileEncoding = 4; lastKnownFileType = sourcecode.swift; path = Event.swift; sourceTree = "<group>"; };
		FB3D168E1EAB4D3900094299 /* EventLine.swift */ = {isa = PBXFileReference; fileEncoding = 4; lastKnownFileType = sourcecode.swift; path = EventLine.swift; sourceTree = "<group>"; };
		FB3D16911EAB4D9500094299 /* EventTableViewController.swift */ = {isa = PBXFileReference; fileEncoding = 4; lastKnownFileType = sourcecode.swift; path = EventTableViewController.swift; sourceTree = "<group>"; };
		FB3D16931EAB5BEE00094299 /* EventTableViewCell.swift */ = {isa = PBXFileReference; fileEncoding = 4; lastKnownFileType = sourcecode.swift; path = EventTableViewCell.swift; sourceTree = "<group>"; };
		FB5C30811EB08EAE00EED839 /* EventDetailViewController.swift */ = {isa = PBXFileReference; fileEncoding = 4; lastKnownFileType = sourcecode.swift; path = EventDetailViewController.swift; sourceTree = "<group>"; };
/* End PBXFileReference section */

/* Begin PBXFrameworksBuildPhase section */
		FB3D16581EAB4D0C00094299 /* Frameworks */ = {
			isa = PBXFrameworksBuildPhase;
			buildActionMask = 2147483647;
			files = (
			);
			runOnlyForDeploymentPostprocessing = 0;
		};
		FB3D166C1EAB4D0C00094299 /* Frameworks */ = {
			isa = PBXFrameworksBuildPhase;
			buildActionMask = 2147483647;
			files = (
			);
			runOnlyForDeploymentPostprocessing = 0;
		};
		FB3D16771EAB4D0C00094299 /* Frameworks */ = {
			isa = PBXFrameworksBuildPhase;
			buildActionMask = 2147483647;
			files = (
			);
			runOnlyForDeploymentPostprocessing = 0;
		};
/* End PBXFrameworksBuildPhase section */

/* Begin PBXGroup section */
		FB3D16521EAB4D0C00094299 = {
			isa = PBXGroup;
			children = (
				FB3D165D1EAB4D0C00094299 /* ManagementEvent */,
				FB3D165C1EAB4D0C00094299 /* Products */,
			);
			sourceTree = "<group>";
		};
		FB3D165C1EAB4D0C00094299 /* Products */ = {
			isa = PBXGroup;
			children = (
				FB3D165B1EAB4D0C00094299 /* ManagementEvent.app */,
				FB3D166F1EAB4D0C00094299 /* ManagementEventTests.xctest */,
				FB3D167A1EAB4D0C00094299 /* ManagementEventUITests.xctest */,
			);
			name = Products;
			sourceTree = "<group>";
		};
		FB3D165D1EAB4D0C00094299 /* ManagementEvent */ = {
			isa = PBXGroup;
			children = (
				FB3D168C1EAB4D3900094299 /* Model */,
				FB3D165E1EAB4D0C00094299 /* AppDelegate.swift */,
				FB3D16601EAB4D0C00094299 /* ViewController.swift */,
				FB5C30811EB08EAE00EED839 /* EventDetailViewController.swift */,
				FB3D16931EAB5BEE00094299 /* EventTableViewCell.swift */,
				FB3D16911EAB4D9500094299 /* EventTableViewController.swift */,
				FB3D16621EAB4D0C00094299 /* Main.storyboard */,
				FB3D16651EAB4D0C00094299 /* Assets.xcassets */,
				FB3D16671EAB4D0C00094299 /* LaunchScreen.storyboard */,
				FB3D166A1EAB4D0C00094299 /* Info.plist */,
			);
			path = ManagementEvent;
			sourceTree = "<group>";
		};
		FB3D168C1EAB4D3900094299 /* Model */ = {
			isa = PBXGroup;
			children = (
				FB3D168D1EAB4D3900094299 /* Event.swift */,
				FB3D168E1EAB4D3900094299 /* EventLine.swift */,
			);
			path = Model;
			sourceTree = "<group>";
		};
/* End PBXGroup section */

/* Begin PBXNativeTarget section */
		FB3D165A1EAB4D0C00094299 /* ManagementEvent */ = {
			isa = PBXNativeTarget;
			buildConfigurationList = FB3D16831EAB4D0C00094299 /* Build configuration list for PBXNativeTarget "ManagementEvent" */;
			buildPhases = (
				FB3D16571EAB4D0C00094299 /* Sources */,
				FB3D16581EAB4D0C00094299 /* Frameworks */,
				FB3D16591EAB4D0C00094299 /* Resources */,
			);
			buildRules = (
			);
			dependencies = (
			);
			name = ManagementEvent;
			productName = ManagementEvent;
			productReference = FB3D165B1EAB4D0C00094299 /* ManagementEvent.app */;
			productType = "com.apple.product-type.application";
		};
		FB3D166E1EAB4D0C00094299 /* ManagementEventTests */ = {
			isa = PBXNativeTarget;
			buildConfigurationList = FB3D16861EAB4D0C00094299 /* Build configuration list for PBXNativeTarget "ManagementEventTests" */;
			buildPhases = (
				FB3D166B1EAB4D0C00094299 /* Sources */,
				FB3D166C1EAB4D0C00094299 /* Frameworks */,
				FB3D166D1EAB4D0C00094299 /* Resources */,
			);
			buildRules = (
			);
			dependencies = (
				FB3D16711EAB4D0C00094299 /* PBXTargetDependency */,
			);
			name = ManagementEventTests;
			productName = ManagementEventTests;
			productReference = FB3D166F1EAB4D0C00094299 /* ManagementEventTests.xctest */;
			productType = "com.apple.product-type.bundle.unit-test";
		};
		FB3D16791EAB4D0C00094299 /* ManagementEventUITests */ = {
			isa = PBXNativeTarget;
			buildConfigurationList = FB3D16891EAB4D0C00094299 /* Build configuration list for PBXNativeTarget "ManagementEventUITests" */;
			buildPhases = (
				FB3D16761EAB4D0C00094299 /* Sources */,
				FB3D16771EAB4D0C00094299 /* Frameworks */,
				FB3D16781EAB4D0C00094299 /* Resources */,
			);
			buildRules = (
			);
			dependencies = (
				FB3D167C1EAB4D0C00094299 /* PBXTargetDependency */,
			);
			name = ManagementEventUITests;
			productName = ManagementEventUITests;
			productReference = FB3D167A1EAB4D0C00094299 /* ManagementEventUITests.xctest */;
			productType = "com.apple.product-type.bundle.ui-testing";
		};
/* End PBXNativeTarget section */

/* Begin PBXProject section */
		FB3D16531EAB4D0C00094299 /* Project object */ = {
			isa = PBXProject;
			attributes = {
				LastSwiftUpdateCheck = 0830;
				LastUpgradeCheck = 0830;
				ORGANIZATIONNAME = Cntt28;
				TargetAttributes = {
					FB3D165A1EAB4D0C00094299 = {
						CreatedOnToolsVersion = 8.3;
						ProvisioningStyle = Automatic;
					};
					FB3D166E1EAB4D0C00094299 = {
						CreatedOnToolsVersion = 8.3;
						ProvisioningStyle = Automatic;
						TestTargetID = FB3D165A1EAB4D0C00094299;
					};
					FB3D16791EAB4D0C00094299 = {
						CreatedOnToolsVersion = 8.3;
						ProvisioningStyle = Automatic;
						TestTargetID = FB3D165A1EAB4D0C00094299;
					};
				};
			};
			buildConfigurationList = FB3D16561EAB4D0C00094299 /* Build configuration list for PBXProject "ManagementEvent" */;
			compatibilityVersion = "Xcode 3.2";
			developmentRegion = English;
			hasScannedForEncodings = 0;
			knownRegions = (
				en,
				Base,
			);
			mainGroup = FB3D16521EAB4D0C00094299;
			productRefGroup = FB3D165C1EAB4D0C00094299 /* Products */;
			projectDirPath = "";
			projectRoot = "";
			targets = (
				FB3D165A1EAB4D0C00094299 /* ManagementEvent */,
				FB3D166E1EAB4D0C00094299 /* ManagementEventTests */,
				FB3D16791EAB4D0C00094299 /* ManagementEventUITests */,
			);
		};
/* End PBXProject section */

/* Begin PBXResourcesBuildPhase section */
		FB3D16591EAB4D0C00094299 /* Resources */ = {
			isa = PBXResourcesBuildPhase;
			buildActionMask = 2147483647;
			files = (
				FB3D16691EAB4D0C00094299 /* LaunchScreen.storyboard in Resources */,
				FB3D16661EAB4D0C00094299 /* Assets.xcassets in Resources */,
				FB3D16641EAB4D0C00094299 /* Main.storyboard in Resources */,
			);
			runOnlyForDeploymentPostprocessing = 0;
		};
		FB3D166D1EAB4D0C00094299 /* Resources */ = {
			isa = PBXResourcesBuildPhase;
			buildActionMask = 2147483647;
			files = (
			);
			runOnlyForDeploymentPostprocessing = 0;
		};
		FB3D16781EAB4D0C00094299 /* Resources */ = {
			isa = PBXResourcesBuildPhase;
			buildActionMask = 2147483647;
			files = (
			);
			runOnlyForDeploymentPostprocessing = 0;
		};
/* End PBXResourcesBuildPhase section */

/* Begin PBXSourcesBuildPhase section */
		FB3D16571EAB4D0C00094299 /* Sources */ = {
			isa = PBXSourcesBuildPhase;
			buildActionMask = 2147483647;
			files = (
				FB3D16941EAB5BEE00094299 /* EventTableViewCell.swift in Sources */,
				FB3D16901EAB4D3900094299 /* EventLine.swift in Sources */,
				FB3D16611EAB4D0C00094299 /* ViewController.swift in Sources */,
				FB3D168F1EAB4D3900094299 /* Event.swift in Sources */,
				FB3D165F1EAB4D0C00094299 /* AppDelegate.swift in Sources */,
				FB5C30821EB08EAE00EED839 /* EventDetailViewController.swift in Sources */,
				FB3D16921EAB4D9500094299 /* EventTableViewController.swift in Sources */,
			);
			runOnlyForDeploymentPostprocessing = 0;
		};
		FB3D166B1EAB4D0C00094299 /* Sources */ = {
			isa = PBXSourcesBuildPhase;
			buildActionMask = 2147483647;
			files = (
			);
			runOnlyForDeploymentPostprocessing = 0;
		};
		FB3D16761EAB4D0C00094299 /* Sources */ = {
			isa = PBXSourcesBuildPhase;
			buildActionMask = 2147483647;
			files = (
			);
			runOnlyForDeploymentPostprocessing = 0;
		};
/* End PBXSourcesBuildPhase section */

/* Begin PBXTargetDependency section */
		FB3D16711EAB4D0C00094299 /* PBXTargetDependency */ = {
			isa = PBXTargetDependency;
			target = FB3D165A1EAB4D0C00094299 /* ManagementEvent */;
			targetProxy = FB3D16701EAB4D0C00094299 /* PBXContainerItemProxy */;
		};
		FB3D167C1EAB4D0C00094299 /* PBXTargetDependency */ = {
			isa = PBXTargetDependency;
			target = FB3D165A1EAB4D0C00094299 /* ManagementEvent */;
			targetProxy = FB3D167B1EAB4D0C00094299 /* PBXContainerItemProxy */;
		};
/* End PBXTargetDependency section */

/* Begin PBXVariantGroup section */
		FB3D16621EAB4D0C00094299 /* Main.storyboard */ = {
			isa = PBXVariantGroup;
			children = (
				FB3D16631EAB4D0C00094299 /* Base */,
			);
			name = Main.storyboard;
			sourceTree = "<group>";
		};
		FB3D16671EAB4D0C00094299 /* LaunchScreen.storyboard */ = {
			isa = PBXVariantGroup;
			children = (
				FB3D16681EAB4D0C00094299 /* Base */,
			);
			name = LaunchScreen.storyboard;
			sourceTree = "<group>";
		};
/* End PBXVariantGroup section */

/* Begin XCBuildConfiguration section */
		FB3D16811EAB4D0C00094299 /* Debug */ = {
			isa = XCBuildConfiguration;
			buildSettings = {
				ALWAYS_SEARCH_USER_PATHS = NO;
				CLANG_ANALYZER_NONNULL = YES;
				CLANG_ANALYZER_NUMBER_OBJECT_CONVERSION = YES_AGGRESSIVE;
				CLANG_CXX_LANGUAGE_STANDARD = "gnu++0x";
				CLANG_CXX_LIBRARY = "libc++";
				CLANG_ENABLE_MODULES = YES;
				CLANG_ENABLE_OBJC_ARC = YES;
				CLANG_WARN_BOOL_CONVERSION = YES;
				CLANG_WARN_CONSTANT_CONVERSION = YES;
				CLANG_WARN_DIRECT_OBJC_ISA_USAGE = YES_ERROR;
				CLANG_WARN_DOCUMENTATION_COMMENTS = YES;
				CLANG_WARN_EMPTY_BODY = YES;
				CLANG_WARN_ENUM_CONVERSION = YES;
				CLANG_WARN_INFINITE_RECURSION = YES;
				CLANG_WARN_INT_CONVERSION = YES;
				CLANG_WARN_OBJC_ROOT_CLASS = YES_ERROR;
				CLANG_WARN_SUSPICIOUS_MOVE = YES;
				CLANG_WARN_UNREACHABLE_CODE = YES;
				CLANG_WARN__DUPLICATE_METHOD_MATCH = YES;
				"CODE_SIGN_IDENTITY[sdk=iphoneos*]" = "iPhone Developer";
				COPY_PHASE_STRIP = NO;
				DEBUG_INFORMATION_FORMAT = dwarf;
				ENABLE_STRICT_OBJC_MSGSEND = YES;
				ENABLE_TESTABILITY = YES;
				GCC_C_LANGUAGE_STANDARD = gnu99;
				GCC_DYNAMIC_NO_PIC = NO;
				GCC_NO_COMMON_BLOCKS = YES;
				GCC_OPTIMIZATION_LEVEL = 0;
				GCC_PREPROCESSOR_DEFINITIONS = (
					"DEBUG=1",
					"$(inherited)",
				);
				GCC_WARN_64_TO_32_BIT_CONVERSION = YES;
				GCC_WARN_ABOUT_RETURN_TYPE = YES_ERROR;
				GCC_WARN_UNDECLARED_SELECTOR = YES;
				GCC_WARN_UNINITIALIZED_AUTOS = YES_AGGRESSIVE;
				GCC_WARN_UNUSED_FUNCTION = YES;
				GCC_WARN_UNUSED_VARIABLE = YES;
				IPHONEOS_DEPLOYMENT_TARGET = 10.3;
				MTL_ENABLE_DEBUG_INFO = YES;
				ONLY_ACTIVE_ARCH = YES;
				SDKROOT = iphoneos;
				SWIFT_ACTIVE_COMPILATION_CONDITIONS = DEBUG;
				SWIFT_OPTIMIZATION_LEVEL = "-Onone";
				TARGETED_DEVICE_FAMILY = "1,2";
			};
			name = Debug;
		};
		FB3D16821EAB4D0C00094299 /* Release */ = {
			isa = XCBuildConfiguration;
			buildSettings = {
				ALWAYS_SEARCH_USER_PATHS = NO;
				CLANG_ANALYZER_NONNULL = YES;
				CLANG_ANALYZER_NUMBER_OBJECT_CONVERSION = YES_AGGRESSIVE;
				CLANG_CXX_LANGUAGE_STANDARD = "gnu++0x";
				CLANG_CXX_LIBRARY = "libc++";
				CLANG_ENABLE_MODULES = YES;
				CLANG_ENABLE_OBJC_ARC = YES;
				CLANG_WARN_BOOL_CONVERSION = YES;
				CLANG_WARN_CONSTANT_CONVERSION = YES;
				CLANG_WARN_DIRECT_OBJC_ISA_USAGE = YES_ERROR;
				CLANG_WARN_DOCUMENTATION_COMMENTS = YES;
				CLANG_WARN_EMPTY_BODY = YES;
				CLANG_WARN_ENUM_CONVERSION = YES;
				CLANG_WARN_INFINITE_RECURSION = YES;
				CLANG_WARN_INT_CONVERSION = YES;
				CLANG_WARN_OBJC_ROOT_CLASS = YES_ERROR;
				CLANG_WARN_SUSPICIOUS_MOVE = YES;
				CLANG_WARN_UNREACHABLE_CODE = YES;
				CLANG_WARN__DUPLICATE_METHOD_MATCH = YES;
				"CODE_SIGN_IDENTITY[sdk=iphoneos*]" = "iPhone Developer";
				COPY_PHASE_STRIP = NO;
				DEBUG_INFORMATION_FORMAT = "dwarf-with-dsym";
				ENABLE_NS_ASSERTIONS = NO;
				ENABLE_STRICT_OBJC_MSGSEND = YES;
				GCC_C_LANGUAGE_STANDARD = gnu99;
				GCC_NO_COMMON_BLOCKS = YES;
				GCC_WARN_64_TO_32_BIT_CONVERSION = YES;
				GCC_WARN_ABOUT_RETURN_TYPE = YES_ERROR;
				GCC_WARN_UNDECLARED_SELECTOR = YES;
				GCC_WARN_UNINITIALIZED_AUTOS = YES_AGGRESSIVE;
				GCC_WARN_UNUSED_FUNCTION = YES;
				GCC_WARN_UNUSED_VARIABLE = YES;
				IPHONEOS_DEPLOYMENT_TARGET = 10.3;
				MTL_ENABLE_DEBUG_INFO = NO;
				SDKROOT = iphoneos;
				SWIFT_OPTIMIZATION_LEVEL = "-Owholemodule";
				TARGETED_DEVICE_FAMILY = "1,2";
				VALIDATE_PRODUCT = YES;
			};
			name = Release;
		};
		FB3D16841EAB4D0C00094299 /* Debug */ = {
			isa = XCBuildConfiguration;
			buildSettings = {
				ASSETCATALOG_COMPILER_APPICON_NAME = AppIcon;
				INFOPLIST_FILE = ManagementEvent/Info.plist;
				LD_RUNPATH_SEARCH_PATHS = "$(inherited) @executable_path/Frameworks";
				PRODUCT_BUNDLE_IDENTIFIER = com.ManagementEvent;
				PRODUCT_NAME = "$(TARGET_NAME)";
				SWIFT_VERSION = 3.0;
			};
			name = Debug;
		};
		FB3D16851EAB4D0C00094299 /* Release */ = {
			isa = XCBuildConfiguration;
			buildSettings = {
				ASSETCATALOG_COMPILER_APPICON_NAME = AppIcon;
				INFOPLIST_FILE = ManagementEvent/Info.plist;
				LD_RUNPATH_SEARCH_PATHS = "$(inherited) @executable_path/Frameworks";
				PRODUCT_BUNDLE_IDENTIFIER = com.ManagementEvent;
				PRODUCT_NAME = "$(TARGET_NAME)";
				SWIFT_VERSION = 3.0;
			};
			name = Release;
		};
		FB3D16871EAB4D0C00094299 /* Debug */ = {
			isa = XCBuildConfiguration;
			buildSettings = {
				ALWAYS_EMBED_SWIFT_STANDARD_LIBRARIES = YES;
				BUNDLE_LOADER = "$(TEST_HOST)";
				INFOPLIST_FILE = ManagementEventTests/Info.plist;
				LD_RUNPATH_SEARCH_PATHS = "$(inherited) @executable_path/Frameworks @loader_path/Frameworks";
				PRODUCT_BUNDLE_IDENTIFIER = com.ManagementEventTests;
				PRODUCT_NAME = "$(TARGET_NAME)";
				SWIFT_VERSION = 3.0;
				TEST_HOST = "$(BUILT_PRODUCTS_DIR)/ManagementEvent.app/ManagementEvent";
			};
			name = Debug;
		};
		FB3D16881EAB4D0C00094299 /* Release */ = {
			isa = XCBuildConfiguration;
			buildSettings = {
				ALWAYS_EMBED_SWIFT_STANDARD_LIBRARIES = YES;
				BUNDLE_LOADER = "$(TEST_HOST)";
				INFOPLIST_FILE = ManagementEventTests/Info.plist;
				LD_RUNPATH_SEARCH_PATHS = "$(inherited) @executable_path/Frameworks @loader_path/Frameworks";
				PRODUCT_BUNDLE_IDENTIFIER = com.ManagementEventTests;
				PRODUCT_NAME = "$(TARGET_NAME)";
				SWIFT_VERSION = 3.0;
				TEST_HOST = "$(BUILT_PRODUCTS_DIR)/ManagementEvent.app/ManagementEvent";
			};
			name = Release;
		};
		FB3D168A1EAB4D0C00094299 /* Debug */ = {
			isa = XCBuildConfiguration;
			buildSettings = {
				ALWAYS_EMBED_SWIFT_STANDARD_LIBRARIES = YES;
				INFOPLIST_FILE = ManagementEventUITests/Info.plist;
				LD_RUNPATH_SEARCH_PATHS = "$(inherited) @executable_path/Frameworks @loader_path/Frameworks";
				PRODUCT_BUNDLE_IDENTIFIER = com.ManagementEventUITests;
				PRODUCT_NAME = "$(TARGET_NAME)";
				SWIFT_VERSION = 3.0;
				TEST_TARGET_NAME = ManagementEvent;
			};
			name = Debug;
		};
		FB3D168B1EAB4D0C00094299 /* Release */ = {
			isa = XCBuildConfiguration;
			buildSettings = {
				ALWAYS_EMBED_SWIFT_STANDARD_LIBRARIES = YES;
				INFOPLIST_FILE = ManagementEventUITests/Info.plist;
				LD_RUNPATH_SEARCH_PATHS = "$(inherited) @executable_path/Frameworks @loader_path/Frameworks";
				PRODUCT_BUNDLE_IDENTIFIER = com.ManagementEventUITests;
				PRODUCT_NAME = "$(TARGET_NAME)";
				SWIFT_VERSION = 3.0;
				TEST_TARGET_NAME = ManagementEvent;
			};
			name = Release;
		};
/* End XCBuildConfiguration section */

/* Begin XCConfigurationList section */
		FB3D16561EAB4D0C00094299 /* Build configuration list for PBXProject "ManagementEvent" */ = {
			isa = XCConfigurationList;
			buildConfigurations = (
				FB3D16811EAB4D0C00094299 /* Debug */,
				FB3D16821EAB4D0C00094299 /* Release */,
			);
			defaultConfigurationIsVisible = 0;
			defaultConfigurationName = Release;
		};
		FB3D16831EAB4D0C00094299 /* Build configuration list for PBXNativeTarget "ManagementEvent" */ = {
			isa = XCConfigurationList;
			buildConfigurations = (
				FB3D16841EAB4D0C00094299 /* Debug */,
				FB3D16851EAB4D0C00094299 /* Release */,
			);
			defaultConfigurationIsVisible = 0;
			defaultConfigurationName = Release;
		};
		FB3D16861EAB4D0C00094299 /* Build configuration list for PBXNativeTarget "ManagementEventTests" */ = {
			isa = XCConfigurationList;
			buildConfigurations = (
				FB3D16871EAB4D0C00094299 /* Debug */,
				FB3D16881EAB4D0C00094299 /* Release */,
			);
			defaultConfigurationIsVisible = 0;
			defaultConfigurationName = Release;
		};
		FB3D16891EAB4D0C00094299 /* Build configuration list for PBXNativeTarget "ManagementEventUITests" */ = {
			isa = XCConfigurationList;
			buildConfigurations = (
				FB3D168A1EAB4D0C00094299 /* Debug */,
				FB3D168B1EAB4D0C00094299 /* Release */,
			);
			defaultConfigurationIsVisible = 0;
			defaultConfigurationName = Release;
		};
/* End XCConfigurationList section */
	};
	rootObject = FB3D16531EAB4D0C00094299 /* Project object */;
}
